
Microsoft Visual Studio Solution File, Format Version 12.00
# Visual Studio 14
VisualStudioVersion = 14.0.25420.1
MinimumVisualStudioVersion = 10.0.40219.1
Project("{FAE04EC0-301F-11D3-BF4B-00C04F79EFBC}") = "Wingtip.Branding.SuiteLinks", "Wingtip.Branding.SuiteLinks\Wingtip.Branding.SuiteLinks.csproj", "{9EE84649-C3C6-4E4C-82E8-EB16C3C7B037}"
EndProject
Project("{FAE04EC0-301F-11D3-BF4B-00C04F79EFBC}") = "Wingtip.Branding.MasterPages", "Wingtip.Branding.MasterPages\Wingtip.Branding.MasterPages.csproj", "{3E257E8D-6BF7-4EDD-9FCA-1020E42EF691}"
EndProject
Project("{FAE04EC0-301F-11D3-BF4B-00C04F79EFBC}") = "Wingtip.Data.ContentTypes", "Wingtip.Data.ContentTypes\Wingtip.Data.ContentTypes.csproj", "{3CCA15A1-56A7-4408-896D-9E8911684BA4}"
EndProject
Project("{FAE04EC0-301F-11D3-BF4B-00C04F79EFBC}") = "Wingtip.Tools.SOMExplorer", "Wingtip.Tools.SOMExplorer\Wingtip.Tools.SOMExplorer.csproj", "{7D763072-22C9-4BE2-886F-1CFF27F3F35B}"
EndProject
Project("{FAE04EC0-301F-11D3-BF4B-00C04F79EFBC}") = "Wingtip.Tools.Linq2SharePoint", "Wingtip.Tools.Linq2SharePoint\Wingtip.Tools.Linq2SharePoint.csproj", "{9443EE90-DF0C-4127-8113-2DD0F6AB2427}"
EndProject
Project("{FAE04EC0-301F-11D3-BF4B-00C04F79EFBC}") = "Wingtip.CSOM", "Wingtip.CSOM\Wingtip.CSOM.csproj", "{E3CA3BBB-68F2-490F-BD38-2D546B877C02}"
EndProject
Project("{FAE04EC0-301F-11D3-BF4B-00C04F79EFBC}") = "Wingtip.JSOM", "Wingtip.JSOM\Wingtip.JSOM.csproj", "{2E38DB42-48AD-447F-9CAE-8EF4E06ACCD6}"
EndProject
Project("{FAE04EC0-301F-11D3-BF4B-00C04F79EFBC}") = "Wingtip.Apps.Contacts", "Wingtip.Apps.Contacts\Wingtip.Apps.Contacts.csproj", "{CF93A4EC-6164-4D76-8A6C-2FD61AF68127}"
EndProject
Project("{FAE04EC0-301F-11D3-BF4B-00C04F79EFBC}") = "Wingtip.Apps.ProviderHosted", "Wingtip.Apps.ProviderHosted\Wingtip.Apps.ProviderHosted.csproj", "{ED08852B-9A78-4B2C-94EF-FD90048F6BAF}"
EndProject
Project("{FAE04EC0-301F-11D3-BF4B-00C04F79EFBC}") = "Wingtip.Apps.ProviderHostedWeb", "Wingtip.Apps.ProviderHostedWeb\Wingtip.Apps.ProviderHostedWeb.csproj", "{C0019325-C468-474E-992B-45E6AF7E318C}"
EndProject
Project("{FAE04EC0-301F-11D3-BF4B-00C04F79EFBC}") = "Wingtip.WebParts", "Wingtip.WebParts\Wingtip.WebParts.csproj", "{433FCE6F-D828-4E07-A627-3F8AABAE35A4}"
EndProject
Project("{FAE04EC0-301F-11D3-BF4B-00C04F79EFBC}") = "Wingtip.WebParts.Connected", "Wingtip.WebParts.Connected\Wingtip.WebParts.Connected.csproj", "{18F331C8-0FCC-49AB-AF6E-797F0363C735}"
	ProjectSection(ProjectDependencies) = postProject
		{CF93A4EC-6164-4D76-8A6C-2FD61AF68127} = {CF93A4EC-6164-4D76-8A6C-2FD61AF68127}
	EndProjectSection
EndProject
Project("{FAE04EC0-301F-11D3-BF4B-00C04F79EFBC}") = "Wingtip.UI.Extensions", "Wingtip.UI.Extensions\Wingtip.UI.Extensions.csproj", "{976905CC-4697-4D56-888E-8BFB3D59D55D}"
EndProject
Project("{FAE04EC0-301F-11D3-BF4B-00C04F79EFBC}") = "Wingtip.SiteDefinitions", "Wingtip.SiteDefinitions\Wingtip.SiteDefinitions.csproj", "{F3EA32A0-C1C9-4823-AFF7-23F4684AD567}"
EndProject
Project("{FAE04EC0-301F-11D3-BF4B-00C04F79EFBC}") = "Wingtip.Import.WebTemplate", "Wingtip.Import.WebTemplate\Wingtip.Import.WebTemplate.csproj", "{FC23D5B9-8ABF-4A83-9675-12526C962A5F}"
EndProject
Project("{FAE04EC0-301F-11D3-BF4B-00C04F79EFBC}") = "Wingtip.BCS.CRM", "Wingtip.BCS.CRM\Wingtip.BCS.CRM.csproj", "{36D669A4-C178-4398-989F-61C5B44681BE}"
EndProject
Project("{FAE04EC0-301F-11D3-BF4B-00C04F79EFBC}") = "Wingtip.Services.WCFCustomerService", "Wingtip.Services.WCFCustomerService\Wingtip.Services.WCFCustomerService.csproj", "{E3BDE034-6559-4F44-B13C-9B3445725996}"
EndProject
Project("{FAE04EC0-301F-11D3-BF4B-00C04F79EFBC}") = "Wingtip.Apps.ODataConsumer", "Wingtip.Apps.ODataConsumer\Wingtip.Apps.ODataConsumer.csproj", "{5444B056-8B25-4339-A7BD-C2F299AADB7A}"
EndProject
Project("{FAE04EC0-301F-11D3-BF4B-00C04F79EFBC}") = "Wingtip.WF.SampleFlowActivityLibrary", "Wingtip.WF.SampleFlowActivityLibrary\Wingtip.WF.SampleFlowActivityLibrary.csproj", "{620D3B92-FEB2-4EF0-909E-498E7662597F}"
EndProject
Project("{FAE04EC0-301F-11D3-BF4B-00C04F79EFBC}") = "Wingtip.WF.SampleFlow", "Wingtip.WF.SampleFlow\Wingtip.WF.SampleFlow.csproj", "{896501B8-83B0-446A-98E4-E3B845F0B0F2}"
EndProject
Project("{FAE04EC0-301F-11D3-BF4B-00C04F79EFBC}") = "Wingtip.WF.SP.SampleWorkflow", "Wingtip.WF.SP.SampleWorkflow\Wingtip.WF.SP.SampleWorkflow.csproj", "{88AB7965-5C42-42C6-8AA0-4C22963136BD}"
EndProject
Project("{FAE04EC0-301F-11D3-BF4B-00C04F79EFBC}") = "Wingtip.WF.SP.WorkflowApp", "Wingtip.WF.SP.WorkflowApp\Wingtip.WF.SP.WorkflowApp.csproj", "{FBB98A8A-360A-4FE0-B67B-8DDD9EF506B2}"
EndProject
Project("{FAE04EC0-301F-11D3-BF4B-00C04F79EFBC}") = "Wingtip.WF.CustomActivities", "Wingtip.WF.CustomActivities\Wingtip.WF.CustomActivities.csproj", "{36CD80BB-258B-4079-9682-E4C234C9F146}"
EndProject
Project("{FAE04EC0-301F-11D3-BF4B-00C04F79EFBC}") = "Wingtip.Services.WCFTestClient", "Wingtip.Services.WCFTestClient\Wingtip.Services.WCFTestClient.csproj", "{87B8862F-A043-4249-A799-3B7FD3F1523A}"
EndProject
Project("{FAE04EC0-301F-11D3-BF4B-00C04F79EFBC}") = "Wingtip.WF.Services.Client", "Wingtip.WF.Services.Client\Wingtip.WF.Services.Client.csproj", "{96C606B1-8753-41A8-9A91-7DB1DDF1C956}"
EndProject
Global
	GlobalSection(SolutionConfigurationPlatforms) = preSolution
		Debug|Any CPU = Debug|Any CPU
		Debug|x86 = Debug|x86
		Release|Any CPU = Release|Any CPU
		Release|x86 = Release|x86
	EndGlobalSection
	GlobalSection(ProjectConfigurationPlatforms) = postSolution
		{9EE84649-C3C6-4E4C-82E8-EB16C3C7B037}.Debug|Any CPU.ActiveCfg = Debug|Any CPU
		{9EE84649-C3C6-4E4C-82E8-EB16C3C7B037}.Debug|Any CPU.Build.0 = Debug|Any CPU
		{9EE84649-C3C6-4E4C-82E8-EB16C3C7B037}.Debug|Any CPU.Deploy.0 = Debug|Any CPU
		{9EE84649-C3C6-4E4C-82E8-EB16C3C7B037}.Debug|x86.ActiveCfg = Debug|Any CPU
		{9EE84649-C3C6-4E4C-82E8-EB16C3C7B037}.Debug|x86.Build.0 = Debug|Any CPU
		{9EE84649-C3C6-4E4C-82E8-EB16C3C7B037}.Debug|x86.Deploy.0 = Debug|Any CPU
		{9EE84649-C3C6-4E4C-82E8-EB16C3C7B037}.Release|Any CPU.ActiveCfg = Release|Any CPU
		{9EE84649-C3C6-4E4C-82E8-EB16C3C7B037}.Release|Any CPU.Build.0 = Release|Any CPU
		{9EE84649-C3C6-4E4C-82E8-EB16C3C7B037}.Release|Any CPU.Deploy.0 = Release|Any CPU
		{9EE84649-C3C6-4E4C-82E8-EB16C3C7B037}.Release|x86.ActiveCfg = Release|Any CPU
		{9EE84649-C3C6-4E4C-82E8-EB16C3C7B037}.Release|x86.Build.0 = Release|Any CPU
		{9EE84649-C3C6-4E4C-82E8-EB16C3C7B037}.Release|x86.Deploy.0 = Release|Any CPU
		{3E257E8D-6BF7-4EDD-9FCA-1020E42EF691}.Debug|Any CPU.ActiveCfg = Debug|Any CPU
		{3E257E8D-6BF7-4EDD-9FCA-1020E42EF691}.Debug|Any CPU.Build.0 = Debug|Any CPU
		{3E257E8D-6BF7-4EDD-9FCA-1020E42EF691}.Debug|Any CPU.Deploy.0 = Debug|Any CPU
		{3E257E8D-6BF7-4EDD-9FCA-1020E42EF691}.Debug|x86.ActiveCfg = Debug|Any CPU
		{3E257E8D-6BF7-4EDD-9FCA-1020E42EF691}.Debug|x86.Build.0 = Debug|Any CPU
		{3E257E8D-6BF7-4EDD-9FCA-1020E42EF691}.Debug|x86.Deploy.0 = Debug|Any CPU
		{3E257E8D-6BF7-4EDD-9FCA-1020E42EF691}.Release|Any CPU.ActiveCfg = Release|Any CPU
		{3E257E8D-6BF7-4EDD-9FCA-1020E42EF691}.Release|Any CPU.Build.0 = Release|Any CPU
		{3E257E8D-6BF7-4EDD-9FCA-1020E42EF691}.Release|Any CPU.Deploy.0 = Release|Any CPU
		{3E257E8D-6BF7-4EDD-9FCA-1020E42EF691}.Release|x86.ActiveCfg = Release|Any CPU
		{3E257E8D-6BF7-4EDD-9FCA-1020E42EF691}.Release|x86.Build.0 = Release|Any CPU
		{3E257E8D-6BF7-4EDD-9FCA-1020E42EF691}.Release|x86.Deploy.0 = Release|Any CPU
		{3CCA15A1-56A7-4408-896D-9E8911684BA4}.Debug|Any CPU.ActiveCfg = Debug|Any CPU
		{3CCA15A1-56A7-4408-896D-9E8911684BA4}.Debug|Any CPU.Build.0 = Debug|Any CPU
		{3CCA15A1-56A7-4408-896D-9E8911684BA4}.Debug|Any CPU.Deploy.0 = Debug|Any CPU
		{3CCA15A1-56A7-4408-896D-9E8911684BA4}.Debug|x86.ActiveCfg = Debug|Any CPU
		{3CCA15A1-56A7-4408-896D-9E8911684BA4}.Debug|x86.Build.0 = Debug|Any CPU
		{3CCA15A1-56A7-4408-896D-9E8911684BA4}.Debug|x86.Deploy.0 = Debug|Any CPU
		{3CCA15A1-56A7-4408-896D-9E8911684BA4}.Release|Any CPU.ActiveCfg = Release|Any CPU
		{3CCA15A1-56A7-4408-896D-9E8911684BA4}.Release|Any CPU.Build.0 = Release|Any CPU
		{3CCA15A1-56A7-4408-896D-9E8911684BA4}.Release|Any CPU.Deploy.0 = Release|Any CPU
		{3CCA15A1-56A7-4408-896D-9E8911684BA4}.Release|x86.ActiveCfg = Release|Any CPU
		{3CCA15A1-56A7-4408-896D-9E8911684BA4}.Release|x86.Build.0 = Release|Any CPU
		{3CCA15A1-56A7-4408-896D-9E8911684BA4}.Release|x86.Deploy.0 = Release|Any CPU
		{7D763072-22C9-4BE2-886F-1CFF27F3F35B}.Debug|Any CPU.ActiveCfg = Debug|Any CPU
		{7D763072-22C9-4BE2-886F-1CFF27F3F35B}.Debug|Any CPU.Build.0 = Debug|Any CPU
		{7D763072-22C9-4BE2-886F-1CFF27F3F35B}.Debug|x86.ActiveCfg = Debug|Any CPU
		{7D763072-22C9-4BE2-886F-1CFF27F3F35B}.Debug|x86.Build.0 = Debug|Any CPU
		{7D763072-22C9-4BE2-886F-1CFF27F3F35B}.Release|Any CPU.ActiveCfg = Release|Any CPU
		{7D763072-22C9-4BE2-886F-1CFF27F3F35B}.Release|Any CPU.Build.0 = Release|Any CPU
		{7D763072-22C9-4BE2-886F-1CFF27F3F35B}.Release|x86.ActiveCfg = Release|Any CPU
		{7D763072-22C9-4BE2-886F-1CFF27F3F35B}.Release|x86.Build.0 = Release|Any CPU
		{9443EE90-DF0C-4127-8113-2DD0F6AB2427}.Debug|Any CPU.ActiveCfg = Debug|Any CPU
		{9443EE90-DF0C-4127-8113-2DD0F6AB2427}.Debug|Any CPU.Build.0 = Debug|Any CPU
		{9443EE90-DF0C-4127-8113-2DD0F6AB2427}.Debug|x86.ActiveCfg = Debug|Any CPU
		{9443EE90-DF0C-4127-8113-2DD0F6AB2427}.Debug|x86.Build.0 = Debug|Any CPU
		{9443EE90-DF0C-4127-8113-2DD0F6AB2427}.Release|Any CPU.ActiveCfg = Release|Any CPU
		{9443EE90-DF0C-4127-8113-2DD0F6AB2427}.Release|Any CPU.Build.0 = Release|Any CPU
		{9443EE90-DF0C-4127-8113-2DD0F6AB2427}.Release|x86.ActiveCfg = Release|Any CPU
		{9443EE90-DF0C-4127-8113-2DD0F6AB2427}.Release|x86.Build.0 = Release|Any CPU
		{E3CA3BBB-68F2-490F-BD38-2D546B877C02}.Debug|Any CPU.ActiveCfg = Debug|Any CPU
		{E3CA3BBB-68F2-490F-BD38-2D546B877C02}.Debug|Any CPU.Build.0 = Debug|Any CPU
		{E3CA3BBB-68F2-490F-BD38-2D546B877C02}.Debug|x86.ActiveCfg = Debug|Any CPU
		{E3CA3BBB-68F2-490F-BD38-2D546B877C02}.Debug|x86.Build.0 = Debug|Any CPU
		{E3CA3BBB-68F2-490F-BD38-2D546B877C02}.Release|Any CPU.ActiveCfg = Release|Any CPU
		{E3CA3BBB-68F2-490F-BD38-2D546B877C02}.Release|Any CPU.Build.0 = Release|Any CPU
		{E3CA3BBB-68F2-490F-BD38-2D546B877C02}.Release|x86.ActiveCfg = Release|Any CPU
		{E3CA3BBB-68F2-490F-BD38-2D546B877C02}.Release|x86.Build.0 = Release|Any CPU
		{2E38DB42-48AD-447F-9CAE-8EF4E06ACCD6}.Debug|Any CPU.ActiveCfg = Debug|Any CPU
		{2E38DB42-48AD-447F-9CAE-8EF4E06ACCD6}.Debug|Any CPU.Build.0 = Debug|Any CPU
		{2E38DB42-48AD-447F-9CAE-8EF4E06ACCD6}.Debug|Any CPU.Deploy.0 = Debug|Any CPU
		{2E38DB42-48AD-447F-9CAE-8EF4E06ACCD6}.Debug|x86.ActiveCfg = Debug|Any CPU
		{2E38DB42-48AD-447F-9CAE-8EF4E06ACCD6}.Debug|x86.Build.0 = Debug|Any CPU
		{2E38DB42-48AD-447F-9CAE-8EF4E06ACCD6}.Debug|x86.Deploy.0 = Debug|Any CPU
		{2E38DB42-48AD-447F-9CAE-8EF4E06ACCD6}.Release|Any CPU.ActiveCfg = Release|Any CPU
		{2E38DB42-48AD-447F-9CAE-8EF4E06ACCD6}.Release|Any CPU.Build.0 = Release|Any CPU
		{2E38DB42-48AD-447F-9CAE-8EF4E06ACCD6}.Release|Any CPU.Deploy.0 = Release|Any CPU
		{2E38DB42-48AD-447F-9CAE-8EF4E06ACCD6}.Release|x86.ActiveCfg = Release|Any CPU
		{2E38DB42-48AD-447F-9CAE-8EF4E06ACCD6}.Release|x86.Build.0 = Release|Any CPU
		{2E38DB42-48AD-447F-9CAE-8EF4E06ACCD6}.Release|x86.Deploy.0 = Release|Any CPU
		{CF93A4EC-6164-4D76-8A6C-2FD61AF68127}.Debug|Any CPU.ActiveCfg = Debug|Any CPU
		{CF93A4EC-6164-4D76-8A6C-2FD61AF68127}.Debug|Any CPU.Build.0 = Debug|Any CPU
		{CF93A4EC-6164-4D76-8A6C-2FD61AF68127}.Debug|Any CPU.Deploy.0 = Debug|Any CPU
		{CF93A4EC-6164-4D76-8A6C-2FD61AF68127}.Debug|x86.ActiveCfg = Debug|Any CPU
		{CF93A4EC-6164-4D76-8A6C-2FD61AF68127}.Debug|x86.Build.0 = Debug|Any CPU
		{CF93A4EC-6164-4D76-8A6C-2FD61AF68127}.Debug|x86.Deploy.0 = Debug|Any CPU
		{CF93A4EC-6164-4D76-8A6C-2FD61AF68127}.Release|Any CPU.ActiveCfg = Release|Any CPU
		{CF93A4EC-6164-4D76-8A6C-2FD61AF68127}.Release|Any CPU.Build.0 = Release|Any CPU
		{CF93A4EC-6164-4D76-8A6C-2FD61AF68127}.Release|Any CPU.Deploy.0 = Release|Any CPU
		{CF93A4EC-6164-4D76-8A6C-2FD61AF68127}.Release|x86.ActiveCfg = Release|Any CPU
		{CF93A4EC-6164-4D76-8A6C-2FD61AF68127}.Release|x86.Build.0 = Release|Any CPU
		{CF93A4EC-6164-4D76-8A6C-2FD61AF68127}.Release|x86.Deploy.0 = Release|Any CPU
		{ED08852B-9A78-4B2C-94EF-FD90048F6BAF}.Debug|Any CPU.ActiveCfg = Debug|Any CPU
		{ED08852B-9A78-4B2C-94EF-FD90048F6BAF}.Debug|Any CPU.Build.0 = Debug|Any CPU
		{ED08852B-9A78-4B2C-94EF-FD90048F6BAF}.Debug|Any CPU.Deploy.0 = Debug|Any CPU
		{ED08852B-9A78-4B2C-94EF-FD90048F6BAF}.Debug|x86.ActiveCfg = Debug|Any CPU
		{ED08852B-9A78-4B2C-94EF-FD90048F6BAF}.Debug|x86.Build.0 = Debug|Any CPU
		{ED08852B-9A78-4B2C-94EF-FD90048F6BAF}.Debug|x86.Deploy.0 = Debug|Any CPU
		{ED08852B-9A78-4B2C-94EF-FD90048F6BAF}.Release|Any CPU.ActiveCfg = Release|Any CPU
		{ED08852B-9A78-4B2C-94EF-FD90048F6BAF}.Release|Any CPU.Build.0 = Release|Any CPU
		{ED08852B-9A78-4B2C-94EF-FD90048F6BAF}.Release|Any CPU.Deploy.0 = Release|Any CPU
		{ED08852B-9A78-4B2C-94EF-FD90048F6BAF}.Release|x86.ActiveCfg = Release|Any CPU
		{ED08852B-9A78-4B2C-94EF-FD90048F6BAF}.Release|x86.Build.0 = Release|Any CPU
		{ED08852B-9A78-4B2C-94EF-FD90048F6BAF}.Release|x86.Deploy.0 = Release|Any CPU
		{C0019325-C468-474E-992B-45E6AF7E318C}.Debug|Any CPU.ActiveCfg = Debug|Any CPU
		{C0019325-C468-474E-992B-45E6AF7E318C}.Debug|Any CPU.Build.0 = Debug|Any CPU
		{C0019325-C468-474E-992B-45E6AF7E318C}.Debug|x86.ActiveCfg = Debug|Any CPU
		{C0019325-C468-474E-992B-45E6AF7E318C}.Debug|x86.Build.0 = Debug|Any CPU
		{C0019325-C468-474E-992B-45E6AF7E318C}.Release|Any CPU.ActiveCfg = Release|Any CPU
		{C0019325-C468-474E-992B-45E6AF7E318C}.Release|Any CPU.Build.0 = Release|Any CPU
		{C0019325-C468-474E-992B-45E6AF7E318C}.Release|x86.ActiveCfg = Release|Any CPU
		{C0019325-C468-474E-992B-45E6AF7E318C}.Release|x86.Build.0 = Release|Any CPU
		{433FCE6F-D828-4E07-A627-3F8AABAE35A4}.Debug|Any CPU.ActiveCfg = Debug|Any CPU
		{433FCE6F-D828-4E07-A627-3F8AABAE35A4}.Debug|Any CPU.Build.0 = Debug|Any CPU
		{433FCE6F-D828-4E07-A627-3F8AABAE35A4}.Debug|Any CPU.Deploy.0 = Debug|Any CPU
		{433FCE6F-D828-4E07-A627-3F8AABAE35A4}.Debug|x86.ActiveCfg = Debug|Any CPU
		{433FCE6F-D828-4E07-A627-3F8AABAE35A4}.Debug|x86.Build.0 = Debug|Any CPU
		{433FCE6F-D828-4E07-A627-3F8AABAE35A4}.Debug|x86.Deploy.0 = Debug|Any CPU
		{433FCE6F-D828-4E07-A627-3F8AABAE35A4}.Release|Any CPU.ActiveCfg = Release|Any CPU
		{433FCE6F-D828-4E07-A627-3F8AABAE35A4}.Release|Any CPU.Build.0 = Release|Any CPU
		{433FCE6F-D828-4E07-A627-3F8AABAE35A4}.Release|Any CPU.Deploy.0 = Release|Any CPU
		{433FCE6F-D828-4E07-A627-3F8AABAE35A4}.Release|x86.ActiveCfg = Release|Any CPU
		{433FCE6F-D828-4E07-A627-3F8AABAE35A4}.Release|x86.Build.0 = Release|Any CPU
		{433FCE6F-D828-4E07-A627-3F8AABAE35A4}.Release|x86.Deploy.0 = Release|Any CPU
		{18F331C8-0FCC-49AB-AF6E-797F0363C735}.Debug|Any CPU.ActiveCfg = Debug|Any CPU
		{18F331C8-0FCC-49AB-AF6E-797F0363C735}.Debug|Any CPU.Build.0 = Debug|Any CPU
		{18F331C8-0FCC-49AB-AF6E-797F0363C735}.Debug|Any CPU.Deploy.0 = Debug|Any CPU
		{18F331C8-0FCC-49AB-AF6E-797F0363C735}.Debug|x86.ActiveCfg = Debug|Any CPU
		{18F331C8-0FCC-49AB-AF6E-797F0363C735}.Debug|x86.Build.0 = Debug|Any CPU
		{18F331C8-0FCC-49AB-AF6E-797F0363C735}.Debug|x86.Deploy.0 = Debug|Any CPU
		{18F331C8-0FCC-49AB-AF6E-797F0363C735}.Release|Any CPU.ActiveCfg = Release|Any CPU
		{18F331C8-0FCC-49AB-AF6E-797F0363C735}.Release|Any CPU.Build.0 = Release|Any CPU
		{18F331C8-0FCC-49AB-AF6E-797F0363C735}.Release|Any CPU.Deploy.0 = Release|Any CPU
		{18F331C8-0FCC-49AB-AF6E-797F0363C735}.Release|x86.ActiveCfg = Release|Any CPU
		{18F331C8-0FCC-49AB-AF6E-797F0363C735}.Release|x86.Build.0 = Release|Any CPU
		{18F331C8-0FCC-49AB-AF6E-797F0363C735}.Release|x86.Deploy.0 = Release|Any CPU
		{976905CC-4697-4D56-888E-8BFB3D59D55D}.Debug|Any CPU.ActiveCfg = Debug|Any CPU
		{976905CC-4697-4D56-888E-8BFB3D59D55D}.Debug|Any CPU.Build.0 = Debug|Any CPU
		{976905CC-4697-4D56-888E-8BFB3D59D55D}.Debug|Any CPU.Deploy.0 = Debug|Any CPU
		{976905CC-4697-4D56-888E-8BFB3D59D55D}.Debug|x86.ActiveCfg = Debug|Any CPU
		{976905CC-4697-4D56-888E-8BFB3D59D55D}.Debug|x86.Build.0 = Debug|Any CPU
		{976905CC-4697-4D56-888E-8BFB3D59D55D}.Debug|x86.Deploy.0 = Debug|Any CPU
		{976905CC-4697-4D56-888E-8BFB3D59D55D}.Release|Any CPU.ActiveCfg = Release|Any CPU
		{976905CC-4697-4D56-888E-8BFB3D59D55D}.Release|Any CPU.Build.0 = Release|Any CPU
		{976905CC-4697-4D56-888E-8BFB3D59D55D}.Release|Any CPU.Deploy.0 = Release|Any CPU
		{976905CC-4697-4D56-888E-8BFB3D59D55D}.Release|x86.ActiveCfg = Release|Any CPU
		{976905CC-4697-4D56-888E-8BFB3D59D55D}.Release|x86.Build.0 = Release|Any CPU
		{976905CC-4697-4D56-888E-8BFB3D59D55D}.Release|x86.Deploy.0 = Release|Any CPU
		{F3EA32A0-C1C9-4823-AFF7-23F4684AD567}.Debug|Any CPU.ActiveCfg = Debug|Any CPU
		{F3EA32A0-C1C9-4823-AFF7-23F4684AD567}.Debug|Any CPU.Build.0 = Debug|Any CPU
		{F3EA32A0-C1C9-4823-AFF7-23F4684AD567}.Debug|Any CPU.Deploy.0 = Debug|Any CPU
		{F3EA32A0-C1C9-4823-AFF7-23F4684AD567}.Debug|x86.ActiveCfg = Debug|Any CPU
		{F3EA32A0-C1C9-4823-AFF7-23F4684AD567}.Debug|x86.Build.0 = Debug|Any CPU
		{F3EA32A0-C1C9-4823-AFF7-23F4684AD567}.Debug|x86.Deploy.0 = Debug|Any CPU
		{F3EA32A0-C1C9-4823-AFF7-23F4684AD567}.Release|Any CPU.ActiveCfg = Release|Any CPU
		{F3EA32A0-C1C9-4823-AFF7-23F4684AD567}.Release|Any CPU.Build.0 = Release|Any CPU
		{F3EA32A0-C1C9-4823-AFF7-23F4684AD567}.Release|Any CPU.Deploy.0 = Release|Any CPU
		{F3EA32A0-C1C9-4823-AFF7-23F4684AD567}.Release|x86.ActiveCfg = Release|Any CPU
		{F3EA32A0-C1C9-4823-AFF7-23F4684AD567}.Release|x86.Build.0 = Release|Any CPU
		{F3EA32A0-C1C9-4823-AFF7-23F4684AD567}.Release|x86.Deploy.0 = Release|Any CPU
		{FC23D5B9-8ABF-4A83-9675-12526C962A5F}.Debug|Any CPU.ActiveCfg = Debug|Any CPU
		{FC23D5B9-8ABF-4A83-9675-12526C962A5F}.Debug|Any CPU.Build.0 = Debug|Any CPU
		{FC23D5B9-8ABF-4A83-9675-12526C962A5F}.Debug|Any CPU.Deploy.0 = Debug|Any CPU
		{FC23D5B9-8ABF-4A83-9675-12526C962A5F}.Debug|x86.ActiveCfg = Debug|Any CPU
		{FC23D5B9-8ABF-4A83-9675-12526C962A5F}.Debug|x86.Build.0 = Debug|Any CPU
		{FC23D5B9-8ABF-4A83-9675-12526C962A5F}.Debug|x86.Deploy.0 = Debug|Any CPU
		{FC23D5B9-8ABF-4A83-9675-12526C962A5F}.Release|Any CPU.ActiveCfg = Release|Any CPU
		{FC23D5B9-8ABF-4A83-9675-12526C962A5F}.Release|Any CPU.Build.0 = Release|Any CPU
		{FC23D5B9-8ABF-4A83-9675-12526C962A5F}.Release|Any CPU.Deploy.0 = Release|Any CPU
		{FC23D5B9-8ABF-4A83-9675-12526C962A5F}.Release|x86.ActiveCfg = Release|Any CPU
		{FC23D5B9-8ABF-4A83-9675-12526C962A5F}.Release|x86.Build.0 = Release|Any CPU
		{FC23D5B9-8ABF-4A83-9675-12526C962A5F}.Release|x86.Deploy.0 = Release|Any CPU
		{36D669A4-C178-4398-989F-61C5B44681BE}.Debug|Any CPU.ActiveCfg = Debug|Any CPU
		{36D669A4-C178-4398-989F-61C5B44681BE}.Debug|Any CPU.Build.0 = Debug|Any CPU
		{36D669A4-C178-4398-989F-61C5B44681BE}.Debug|Any CPU.Deploy.0 = Debug|Any CPU
		{36D669A4-C178-4398-989F-61C5B44681BE}.Debug|x86.ActiveCfg = Debug|Any CPU
		{36D669A4-C178-4398-989F-61C5B44681BE}.Debug|x86.Build.0 = Debug|Any CPU
		{36D669A4-C178-4398-989F-61C5B44681BE}.Debug|x86.Deploy.0 = Debug|Any CPU
		{36D669A4-C178-4398-989F-61C5B44681BE}.Release|Any CPU.ActiveCfg = Release|Any CPU
		{36D669A4-C178-4398-989F-61C5B44681BE}.Release|Any CPU.Build.0 = Release|Any CPU
		{36D669A4-C178-4398-989F-61C5B44681BE}.Release|Any CPU.Deploy.0 = Release|Any CPU
		{36D669A4-C178-4398-989F-61C5B44681BE}.Release|x86.ActiveCfg = Release|Any CPU
		{36D669A4-C178-4398-989F-61C5B44681BE}.Release|x86.Build.0 = Release|Any CPU
		{36D669A4-C178-4398-989F-61C5B44681BE}.Release|x86.Deploy.0 = Release|Any CPU
		{E3BDE034-6559-4F44-B13C-9B3445725996}.Debug|Any CPU.ActiveCfg = Debug|Any CPU
		{E3BDE034-6559-4F44-B13C-9B3445725996}.Debug|Any CPU.Build.0 = Debug|Any CPU
		{E3BDE034-6559-4F44-B13C-9B3445725996}.Debug|x86.ActiveCfg = Debug|Any CPU
		{E3BDE034-6559-4F44-B13C-9B3445725996}.Debug|x86.Build.0 = Debug|Any CPU
		{E3BDE034-6559-4F44-B13C-9B3445725996}.Release|Any CPU.ActiveCfg = Release|Any CPU
		{E3BDE034-6559-4F44-B13C-9B3445725996}.Release|Any CPU.Build.0 = Release|Any CPU
		{E3BDE034-6559-4F44-B13C-9B3445725996}.Release|x86.ActiveCfg = Release|Any CPU
		{E3BDE034-6559-4F44-B13C-9B3445725996}.Release|x86.Build.0 = Release|Any CPU
		{5444B056-8B25-4339-A7BD-C2F299AADB7A}.Debug|Any CPU.ActiveCfg = Debug|Any CPU
		{5444B056-8B25-4339-A7BD-C2F299AADB7A}.Debug|Any CPU.Build.0 = Debug|Any CPU
		{5444B056-8B25-4339-A7BD-C2F299AADB7A}.Debug|Any CPU.Deploy.0 = Debug|Any CPU
		{5444B056-8B25-4339-A7BD-C2F299AADB7A}.Debug|x86.ActiveCfg = Debug|Any CPU
		{5444B056-8B25-4339-A7BD-C2F299AADB7A}.Debug|x86.Build.0 = Debug|Any CPU
		{5444B056-8B25-4339-A7BD-C2F299AADB7A}.Debug|x86.Deploy.0 = Debug|Any CPU
		{5444B056-8B25-4339-A7BD-C2F299AADB7A}.Release|Any CPU.ActiveCfg = Release|Any CPU
		{5444B056-8B25-4339-A7BD-C2F299AADB7A}.Release|Any CPU.Build.0 = Release|Any CPU
		{5444B056-8B25-4339-A7BD-C2F299AADB7A}.Release|Any CPU.Deploy.0 = Release|Any CPU
		{5444B056-8B25-4339-A7BD-C2F299AADB7A}.Release|x86.ActiveCfg = Release|Any CPU
		{5444B056-8B25-4339-A7BD-C2F299AADB7A}.Release|x86.Build.0 = Release|Any CPU
		{5444B056-8B25-4339-A7BD-C2F299AADB7A}.Release|x86.Deploy.0 = Release|Any CPU
		{620D3B92-FEB2-4EF0-909E-498E7662597F}.Debug|Any CPU.ActiveCfg = Debug|Any CPU
		{620D3B92-FEB2-4EF0-909E-498E7662597F}.Debug|Any CPU.Build.0 = Debug|Any CPU
		{620D3B92-FEB2-4EF0-909E-498E7662597F}.Debug|x86.ActiveCfg = Debug|Any CPU
		{620D3B92-FEB2-4EF0-909E-498E7662597F}.Debug|x86.Build.0 = Debug|Any CPU
		{620D3B92-FEB2-4EF0-909E-498E7662597F}.Release|Any CPU.ActiveCfg = Release|Any CPU
		{620D3B92-FEB2-4EF0-909E-498E7662597F}.Release|Any CPU.Build.0 = Release|Any CPU
		{620D3B92-FEB2-4EF0-909E-498E7662597F}.Release|x86.ActiveCfg = Release|Any CPU
		{620D3B92-FEB2-4EF0-909E-498E7662597F}.Release|x86.Build.0 = Release|Any CPU
		{896501B8-83B0-446A-98E4-E3B845F0B0F2}.Debug|Any CPU.ActiveCfg = Debug|x86
		{896501B8-83B0-446A-98E4-E3B845F0B0F2}.Debug|x86.ActiveCfg = Debug|x86
		{896501B8-83B0-446A-98E4-E3B845F0B0F2}.Debug|x86.Build.0 = Debug|x86
		{896501B8-83B0-446A-98E4-E3B845F0B0F2}.Release|Any CPU.ActiveCfg = Release|x86
		{896501B8-83B0-446A-98E4-E3B845F0B0F2}.Release|x86.ActiveCfg = Release|x86
		{896501B8-83B0-446A-98E4-E3B845F0B0F2}.Release|x86.Build.0 = Release|x86
		{88AB7965-5C42-42C6-8AA0-4C22963136BD}.Debug|Any CPU.ActiveCfg = Debug|Any CPU
		{88AB7965-5C42-42C6-8AA0-4C22963136BD}.Debug|Any CPU.Build.0 = Debug|Any CPU
		{88AB7965-5C42-42C6-8AA0-4C22963136BD}.Debug|Any CPU.Deploy.0 = Debug|Any CPU
		{88AB7965-5C42-42C6-8AA0-4C22963136BD}.Debug|x86.ActiveCfg = Debug|Any CPU
		{88AB7965-5C42-42C6-8AA0-4C22963136BD}.Debug|x86.Build.0 = Debug|Any CPU
		{88AB7965-5C42-42C6-8AA0-4C22963136BD}.Debug|x86.Deploy.0 = Debug|Any CPU
		{88AB7965-5C42-42C6-8AA0-4C22963136BD}.Release|Any CPU.ActiveCfg = Release|Any CPU
		{88AB7965-5C42-42C6-8AA0-4C22963136BD}.Release|Any CPU.Build.0 = Release|Any CPU
		{88AB7965-5C42-42C6-8AA0-4C22963136BD}.Release|Any CPU.Deploy.0 = Release|Any CPU
		{88AB7965-5C42-42C6-8AA0-4C22963136BD}.Release|x86.ActiveCfg = Release|Any CPU
		{88AB7965-5C42-42C6-8AA0-4C22963136BD}.Release|x86.Build.0 = Release|Any CPU
		{88AB7965-5C42-42C6-8AA0-4C22963136BD}.Release|x86.Deploy.0 = Release|Any CPU
		{FBB98A8A-360A-4FE0-B67B-8DDD9EF506B2}.Debug|Any CPU.ActiveCfg = Debug|Any CPU
		{FBB98A8A-360A-4FE0-B67B-8DDD9EF506B2}.Debug|Any CPU.Build.0 = Debug|Any CPU
		{FBB98A8A-360A-4FE0-B67B-8DDD9EF506B2}.Debug|Any CPU.Deploy.0 = Debug|Any CPU
		{FBB98A8A-360A-4FE0-B67B-8DDD9EF506B2}.Debug|x86.ActiveCfg = Debug|Any CPU
		{FBB98A8A-360A-4FE0-B67B-8DDD9EF506B2}.Debug|x86.Build.0 = Debug|Any CPU
		{FBB98A8A-360A-4FE0-B67B-8DDD9EF506B2}.Debug|x86.Deploy.0 = Debug|Any CPU
		{FBB98A8A-360A-4FE0-B67B-8DDD9EF506B2}.Release|Any CPU.ActiveCfg = Release|Any CPU
		{FBB98A8A-360A-4FE0-B67B-8DDD9EF506B2}.Release|Any CPU.Build.0 = Release|Any CPU
		{FBB98A8A-360A-4FE0-B67B-8DDD9EF506B2}.Release|Any CPU.Deploy.0 = Release|Any CPU
		{FBB98A8A-360A-4FE0-B67B-8DDD9EF506B2}.Release|x86.ActiveCfg = Release|Any CPU
		{FBB98A8A-360A-4FE0-B67B-8DDD9EF506B2}.Release|x86.Build.0 = Release|Any CPU
		{FBB98A8A-360A-4FE0-B67B-8DDD9EF506B2}.Release|x86.Deploy.0 = Release|Any CPU
		{36CD80BB-258B-4079-9682-E4C234C9F146}.Debug|Any CPU.ActiveCfg = Debug|Any CPU
		{36CD80BB-258B-4079-9682-E4C234C9F146}.Debug|Any CPU.Build.0 = Debug|Any CPU
		{36CD80BB-258B-4079-9682-E4C234C9F146}.Debug|x86.ActiveCfg = Debug|Any CPU
		{36CD80BB-258B-4079-9682-E4C234C9F146}.Debug|x86.Build.0 = Debug|Any CPU
		{36CD80BB-258B-4079-9682-E4C234C9F146}.Release|Any CPU.ActiveCfg = Release|Any CPU
		{36CD80BB-258B-4079-9682-E4C234C9F146}.Release|Any CPU.Build.0 = Release|Any CPU
		{36CD80BB-258B-4079-9682-E4C234C9F146}.Release|x86.ActiveCfg = Release|Any CPU
		{36CD80BB-258B-4079-9682-E4C234C9F146}.Release|x86.Build.0 = Release|Any CPU
		{87B8862F-A043-4249-A799-3B7FD3F1523A}.Debug|Any CPU.ActiveCfg = Debug|Any CPU
		{87B8862F-A043-4249-A799-3B7FD3F1523A}.Debug|Any CPU.Build.0 = Debug|Any CPU
		{87B8862F-A043-4249-A799-3B7FD3F1523A}.Debug|x86.ActiveCfg = Debug|Any CPU
		{87B8862F-A043-4249-A799-3B7FD3F1523A}.Debug|x86.Build.0 = Debug|Any CPU
		{87B8862F-A043-4249-A799-3B7FD3F1523A}.Release|Any CPU.ActiveCfg = Release|Any CPU
		{87B8862F-A043-4249-A799-3B7FD3F1523A}.Release|Any CPU.Build.0 = Release|Any CPU
		{87B8862F-A043-4249-A799-3B7FD3F1523A}.Release|x86.ActiveCfg = Release|Any CPU
		{87B8862F-A043-4249-A799-3B7FD3F1523A}.Release|x86.Build.0 = Release|Any CPU
		{96C606B1-8753-41A8-9A91-7DB1DDF1C956}.Debug|Any CPU.ActiveCfg = Debug|Any CPU
		{96C606B1-8753-41A8-9A91-7DB1DDF1C956}.Debug|Any CPU.Build.0 = Debug|Any CPU
		{96C606B1-8753-41A8-9A91-7DB1DDF1C956}.Debug|x86.ActiveCfg = Debug|Any CPU
		{96C606B1-8753-41A8-9A91-7DB1DDF1C956}.Debug|x86.Build.0 = Debug|Any CPU
		{96C606B1-8753-41A8-9A91-7DB1DDF1C956}.Release|Any CPU.ActiveCfg = Release|Any CPU
		{96C606B1-8753-41A8-9A91-7DB1DDF1C956}.Release|Any CPU.Build.0 = Release|Any CPU
		{96C606B1-8753-41A8-9A91-7DB1DDF1C956}.Release|x86.ActiveCfg = Release|Any CPU
		{96C606B1-8753-41A8-9A91-7DB1DDF1C956}.Release|x86.Build.0 = Release|Any CPU
	EndGlobalSection
	GlobalSection(SolutionProperties) = preSolution
		HideSolutionNode = FALSE
	EndGlobalSection
EndGlobal
